
Microsoft Visual Studio Solution File, Format Version 12.00
# Visual Studio 2013
VisualStudioVersion = 12.0.30501.0
MinimumVisualStudioVersion = 10.0.40219.1
Project("{FAE04EC0-301F-11D3-BF4B-00C04F79EFBC}") = "Football.Core", "Football.Core\Football.Core.csproj", "{AA9EF7F9-CCA9-4BAD-B697-333EC212C5FB}"
EndProject
Project("{FAE04EC0-301F-11D3-BF4B-00C04F79EFBC}") = "Football.Viewer", "Football.Viewer\Football.Viewer.csproj", "{BDB82E5C-E211-42FA-929D-237ADFF8DF3D}"
EndProject
Project("{FAE04EC0-301F-11D3-BF4B-00C04F79EFBC}") = "Football.Tests", "Football.Tests\Football.Tests.csproj", "{E6D446C8-F0E4-464C-BA43-9E42C55BA29A}"
EndProject
Project("{FAE04EC0-301F-11D3-BF4B-00C04F79EFBC}") = "Footbal.Visualization", "Footbal.Visualization\Footbal.Visualization.csproj", "{D3A5C205-A964-430E-8B97-9BBBCDAF036D}"
EndProject
Global
	GlobalSection(SolutionConfigurationPlatforms) = preSolution
		Debug|Any CPU = Debug|Any CPU
		Debug|Mixed Platforms = Debug|Mixed Platforms
		Debug|x86 = Debug|x86
		Release|Any CPU = Release|Any CPU
		Release|Mixed Platforms = Release|Mixed Platforms
		Release|x86 = Release|x86
	EndGlobalSection
	GlobalSection(ProjectConfigurationPlatforms) = postSolution
		{AA9EF7F9-CCA9-4BAD-B697-333EC212C5FB}.Debug|Any CPU.ActiveCfg = Debug|Any CPU
		{AA9EF7F9-CCA9-4BAD-B697-333EC212C5FB}.Debug|Any CPU.Build.0 = Debug|Any CPU
		{AA9EF7F9-CCA9-4BAD-B697-333EC212C5FB}.Debug|Mixed Platforms.ActiveCfg = Debug|Any CPU
		{AA9EF7F9-CCA9-4BAD-B697-333EC212C5FB}.Debug|Mixed Platforms.Build.0 = Debug|Any CPU
		{AA9EF7F9-CCA9-4BAD-B697-333EC212C5FB}.Debug|x86.ActiveCfg = Debug|Any CPU
		{AA9EF7F9-CCA9-4BAD-B697-333EC212C5FB}.Release|Any CPU.ActiveCfg = Release|Any CPU
		{AA9EF7F9-CCA9-4BAD-B697-333EC212C5FB}.Release|Any CPU.Build.0 = Release|Any CPU
		{AA9EF7F9-CCA9-4BAD-B697-333EC212C5FB}.Release|Mixed Platforms.ActiveCfg = Release|Any CPU
		{AA9EF7F9-CCA9-4BAD-B697-333EC212C5FB}.Release|Mixed Platforms.Build.0 = Release|Any CPU
		{AA9EF7F9-CCA9-4BAD-B697-333EC212C5FB}.Release|x86.ActiveCfg = Release|Any CPU
		{BDB82E5C-E211-42FA-929D-237ADFF8DF3D}.Debug|Any CPU.ActiveCfg = Debug|x86
		{BDB82E5C-E211-42FA-929D-237ADFF8DF3D}.Debug|Mixed Platforms.ActiveCfg = Debug|x86
		{BDB82E5C-E211-42FA-929D-237ADFF8DF3D}.Debug|Mixed Platforms.Build.0 = Debug|x86
		{BDB82E5C-E211-42FA-929D-237ADFF8DF3D}.Debug|x86.ActiveCfg = Debug|x86
		{BDB82E5C-E211-42FA-929D-237ADFF8DF3D}.Debug|x86.Build.0 = Debug|x86
		{BDB82E5C-E211-42FA-929D-237ADFF8DF3D}.Release|Any CPU.ActiveCfg = Release|x86
		{BDB82E5C-E211-42FA-929D-237ADFF8DF3D}.Release|Mixed Platforms.ActiveCfg = Release|x86
		{BDB82E5C-E211-42FA-929D-237ADFF8DF3D}.Release|Mixed Platforms.Build.0 = Release|x86
		{BDB82E5C-E211-42FA-929D-237ADFF8DF3D}.Release|x86.ActiveCfg = Release|x86
		{BDB82E5C-E211-42FA-929D-237ADFF8DF3D}.Release|x86.Build.0 = Release|x86
		{E6D446C8-F0E4-464C-BA43-9E42C55BA29A}.Debug|Any CPU.ActiveCfg = Debug|Any CPU
		{E6D446C8-F0E4-464C-BA43-9E42C55BA29A}.Debug|Any CPU.Build.0 = Debug|Any CPU
		{E6D446C8-F0E4-464C-BA43-9E42C55BA29A}.Debug|Mixed Platforms.ActiveCfg = Debug|Any CPU
		{E6D446C8-F0E4-464C-BA43-9E42C55BA29A}.Debug|Mixed Platforms.Build.0 = Debug|Any CPU
		{E6D446C8-F0E4-464C-BA43-9E42C55BA29A}.Debug|x86.ActiveCfg = Debug|Any CPU
		{E6D446C8-F0E4-464C-BA43-9E42C55BA29A}.Release|Any CPU.ActiveCfg = Release|Any CPU
		{E6D446C8-F0E4-464C-BA43-9E42C55BA29A}.Release|Any CPU.Build.0 = Release|Any CPU
		{E6D446C8-F0E4-464C-BA43-9E42C55BA29A}.Release|Mixed Platforms.ActiveCfg = Release|Any CPU
		{E6D446C8-F0E4-464C-BA43-9E42C55BA29A}.Release|Mixed Platforms.Build.0 = Release|Any CPU
		{E6D446C8-F0E4-464C-BA43-9E42C55BA29A}.Release|x86.ActiveCfg = Release|Any CPU
		{D3A5C205-A964-430E-8B97-9BBBCDAF036D}.Debug|Any CPU.ActiveCfg = Debug|Any CPU
		{D3A5C205-A964-430E-8B97-9BBBCDAF036D}.Debug|Any CPU.Build.0 = Debug|Any CPU
		{D3A5C205-A964-430E-8B97-9BBBCDAF036D}.Debug|Mixed Platforms.ActiveCfg = Debug|Any CPU
		{D3A5C205-A964-430E-8B97-9BBBCDAF036D}.Debug|Mixed Platforms.Build.0 = Debug|Any CPU
		{D3A5C205-A964-430E-8B97-9BBBCDAF036D}.Debug|x86.ActiveCfg = Debug|Any CPU
		{D3A5C205-A964-430E-8B97-9BBBCDAF036D}.Release|Any CPU.ActiveCfg = Release|Any CPU
		{D3A5C205-A964-430E-8B97-9BBBCDAF036D}.Release|Any CPU.Build.0 = Release|Any CPU
		{D3A5C205-A964-430E-8B97-9BBBCDAF036D}.Release|Mixed Platforms.ActiveCfg = Release|Any CPU
		{D3A5C205-A964-430E-8B97-9BBBCDAF036D}.Release|Mixed Platforms.Build.0 = Release|Any CPU
		{D3A5C205-A964-430E-8B97-9BBBCDAF036D}.Release|x86.ActiveCfg = Release|Any CPU
	EndGlobalSection
	GlobalSection(SolutionProperties) = preSolution
		HideSolutionNode = FALSE
	EndGlobalSection
EndGlobal
